
Microsoft Visual Studio Solution File, Format Version 12.00
# Visual Studio Version 17
VisualStudioVersion = 17.1.32210.238
MinimumVisualStudioVersion = 10.0.40219.1
Project("{8BC9CEB8-8B4A-11D0-8D11-00A0C91BC942}") = "ProduseGUI", "ProduseGUI\ProduseGUI.vcxproj", "{30F49D8D-F61F-4A1A-9C2F-28760BD72480}"
EndProject
Global
	GlobalSection(SolutionConfigurationPlatforms) = preSolution
		Debug|x64 = Debug|x64
		Release|x64 = Release|x64
	EndGlobalSection
	GlobalSection(ProjectConfigurationPlatforms) = postSolution
		{30F49D8D-F61F-4A1A-9C2F-28760BD72480}.Debug|x64.ActiveCfg = Debug|x64
		{30F49D8D-F61F-4A1A-9C2F-28760BD72480}.Debug|x64.Build.0 = Debug|x64
		{30F49D8D-F61F-4A1A-9C2F-28760BD72480}.Release|x64.ActiveCfg = Release|x64
		{30F49D8D-F61F-4A1A-9C2F-28760BD72480}.Release|x64.Build.0 = Release|x64
	EndGlobalSection
	GlobalSection(SolutionProperties) = preSolution
		HideSolutionNode = FALSE
	EndGlobalSection
	GlobalSection(ExtensibilityGlobals) = postSolution
		SolutionGuid = {B2AC81D8-2AC7-4702-B1C2-161968B42909}
	EndGlobalSection
EndGlobal
